
Microsoft Visual Studio Solution File, Format Version 12.00
# Visual Studio 15
VisualStudioVersion = 15.0.26730.16
MinimumVisualStudioVersion = 10.0.40219.1
Project("{FAE04EC0-301F-11D3-BF4B-00C04F79EFBC}") = "DiscordRpg", "DiscordRpg\DiscordRpg.csproj", "{0314504A-BBA8-481C-874E-02740BFF48AD}"
EndProject
Global
	GlobalSection(SolutionConfigurationPlatforms) = preSolution
		Debug|Any CPU = Debug|Any CPU
		Release|Any CPU = Release|Any CPU
	EndGlobalSection
	GlobalSection(ProjectConfigurationPlatforms) = postSolution
		{0314504A-BBA8-481C-874E-02740BFF48AD}.Debug|Any CPU.ActiveCfg = Debug|Any CPU
		{0314504A-BBA8-481C-874E-02740BFF48AD}.Debug|Any CPU.Build.0 = Debug|Any CPU
		{0314504A-BBA8-481C-874E-02740BFF48AD}.Release|Any CPU.ActiveCfg = Release|Any CPU
		{0314504A-BBA8-481C-874E-02740BFF48AD}.Release|Any CPU.Build.0 = Release|Any CPU
	EndGlobalSection
	GlobalSection(SolutionProperties) = preSolution
		HideSolutionNode = FALSE
	EndGlobalSection
	GlobalSection(ExtensibilityGlobals) = postSolution
		SolutionGuid = {5C1C6803-2B13-4B4D-B41D-1691B130F76C}
	EndGlobalSection
EndGlobal
